PODS:
  - Amplitude-iOS (4.8.2)
  - Crashlytics (3.14.0):
    - Fabric (~> 1.10.2)
  - Fabric (1.10.2)
  - ionicons (2.1.1)
  - MJRefresh (3.1.17)
  - ReactiveCocoa (10.1.0):
    - ReactiveSwift (~> 6.1)
  - ReactiveSwift (6.1.0)
  - SGQRCode (3.0.1)
  - SnapKit (4.2.0)
  - SPBaseKit (0.0.4)
  - SQLiteRepairKit (1.2.2):
    - WCDBOptimizedSQLCipher (~> 1.2.0)
  - SVProgressHUD (2.2.5)
  - VTAcknowledgementsViewController (1.4.1)
  - WCDB.swift (1.0.8.2):
    - SQLiteRepairKit (~> 1.2.0)
    - WCDBOptimizedSQLCipher (~> 1.2.0)
  - WCDBOptimizedSQLCipher (1.2.1)

DEPENDENCIES:
  - Amplitude-iOS (~> 4.3)
  - Crashlytics (~> 3.10)
  - Fabric (~> 1.7)
  - ionicons (~> 2.1.1)
  - MJRefresh (~> 3.1.15)
  - ReactiveCocoa (~> 10.0)
  - ReactiveSwift (~> 6.0)
  - SGQRCode
  - SnapKit (~> 4.2.0)
  - SPBaseKit (from `https://github.com/Tuluobo/SPBaseKit.git`, commit `be5c72d`)
  - SVProgressHUD (~> 2.2.5)
  - VTAcknowledgementsViewController (~> 1.4.1)
  - WCDB.swift (~> 1.0.7)

SPEC REPOS:
  https://github.com/cocoapods/specs.git:
    - Amplitude-iOS
    - Crashlytics
    - Fabric
    - ionicons
    - MJRefresh
    - ReactiveCocoa
    - ReactiveSwift
    - SGQRCode
    - SnapKit
    - SQLiteRepairKit
    - SVProgressHUD
    - VTAcknowledgementsViewController
    - WCDB.swift
    - WCDBOptimizedSQLCipher

EXTERNAL SOURCES:
  SPBaseKit:
    :commit: be5c72d
    :git: https://github.com/Tuluobo/SPBaseKit.git

CHECKOUT OPTIONS:
  SPBaseKit:
    :commit: be5c72d
    :git: https://github.com/Tuluobo/SPBaseKit.git

SPEC CHECKSUMS:
  Amplitude-iOS: 46c8e6e65c49bb1ad1909a9add1a68e1f8562b3f
  Crashlytics: 540b7e5f5da5a042647227a5e3ac51d85eed06df
  Fabric: 706c8b8098fff96c33c0db69cbf81f9c551d0d74
  ionicons: 630bcd2c2970741c3359e3a35ad544e71d3c086b
  MJRefresh: ee5b68f639775462faba4db0fd243baf4d42c2cf
  ReactiveCocoa: 2f1d942d79072eded6d8c3bc7c2a641d40855a56
  ReactiveSwift: b78c7259f8ca46368238c895ae33a6a3bf9f811c
  SGQRCode: bf02d60e18d6660a9d75ff1c8b9b467f064f054e
  SnapKit: fe8a619752f3f27075cc9a90244d75c6c3f27e2a
  SPBaseKit: 8179b7becc88f829027c2c4c4aa92f2ed4086ff2
  SQLiteRepairKit: 35aaae5a8838adb85f5b1eb4d796055be6060a4b
  SVProgressHUD: 1428aafac632c1f86f62aa4243ec12008d7a51d6
  VTAcknowledgementsViewController: 9a7d0f040f17dfa6d02fc731bec8b188e4b4ee59
  WCDB.swift: 05d509d7a0e60fb6e11c34eb7e4027c0fab5849f
  WCDBOptimizedSQLCipher: baf44493b0c7a3d49e97bc5b64a3856f6428ddd1

PODFILE CHECKSUM: 04398615b633093f9ebe12c0affe6a24f3081896

COCOAPODS: 1.7.4
